
Microsoft Visual Studio Solution File, Format Version 12.00
# Visual Studio Version 17
VisualStudioVersion = 17.5.33530.505
MinimumVisualStudioVersion = 10.0.40219.1
Project("{9A19103F-16F7-4668-BE54-9A1E7A4F7556}") = "subscription", "subscription.csproj", "{65D04C27-B8B7-45C8-AD55-A9E3FF868D50}"
	ProjectSection(ProjectDependencies) = postProject
		{E3E898C7-7AA1-456C-818A-CC8E0528E5D4} = {E3E898C7-7AA1-456C-818A-CC8E0528E5D4}
	EndProjectSection
EndProject
Project("{9A19103F-16F7-4668-BE54-9A1E7A4F7556}") = "subscription.repositories", "..\subscription.repositories\subscription.repositories.csproj", "{2D900F20-C6E9-41CB-B47B-4853FA009F2D}"
	ProjectSection(ProjectDependencies) = postProject
		{3C11267A-13AA-4DBF-B6E3-21DD8B86F027} = {3C11267A-13AA-4DBF-B6E3-21DD8B86F027}
	EndProjectSection
EndProject
Project("{9A19103F-16F7-4668-BE54-9A1E7A4F7556}") = "subscription.services", "..\subscription.services\subscription.services.csproj", "{E3E898C7-7AA1-456C-818A-CC8E0528E5D4}"
	ProjectSection(ProjectDependencies) = postProject
		{2D900F20-C6E9-41CB-B47B-4853FA009F2D} = {2D900F20-C6E9-41CB-B47B-4853FA009F2D}
		{3C11267A-13AA-4DBF-B6E3-21DD8B86F027} = {3C11267A-13AA-4DBF-B6E3-21DD8B86F027}
	EndProjectSection
EndProject
Project("{9A19103F-16F7-4668-BE54-9A1E7A4F7556}") = "subscription.models", "..\subscription.models\subscription.models.csproj", "{3C11267A-13AA-4DBF-B6E3-21DD8B86F027}"
EndProject
Project("{2150E333-8FDC-42A3-9474-1A3956D46DE8}") = "Solution Items", "Solution Items", "{05C314EC-260A-4AB3-A56B-8D07D12FA700}"
	ProjectSection(SolutionItems) = preProject
		.editorconfig = .editorconfig
	EndProjectSection
EndProject
Global
	GlobalSection(SolutionConfigurationPlatforms) = preSolution
		Debug|Any CPU = Debug|Any CPU
		Release|Any CPU = Release|Any CPU
	EndGlobalSection
	GlobalSection(ProjectConfigurationPlatforms) = postSolution
		{65D04C27-B8B7-45C8-AD55-A9E3FF868D50}.Debug|Any CPU.ActiveCfg = Debug|Any CPU
		{65D04C27-B8B7-45C8-AD55-A9E3FF868D50}.Debug|Any CPU.Build.0 = Debug|Any CPU
		{65D04C27-B8B7-45C8-AD55-A9E3FF868D50}.Release|Any CPU.ActiveCfg = Release|Any CPU
		{65D04C27-B8B7-45C8-AD55-A9E3FF868D50}.Release|Any CPU.Build.0 = Release|Any CPU
		{2D900F20-C6E9-41CB-B47B-4853FA009F2D}.Debug|Any CPU.ActiveCfg = Debug|Any CPU
		{2D900F20-C6E9-41CB-B47B-4853FA009F2D}.Debug|Any CPU.Build.0 = Debug|Any CPU
		{2D900F20-C6E9-41CB-B47B-4853FA009F2D}.Release|Any CPU.ActiveCfg = Release|Any CPU
		{2D900F20-C6E9-41CB-B47B-4853FA009F2D}.Release|Any CPU.Build.0 = Release|Any CPU
		{E3E898C7-7AA1-456C-818A-CC8E0528E5D4}.Debug|Any CPU.ActiveCfg = Debug|Any CPU
		{E3E898C7-7AA1-456C-818A-CC8E0528E5D4}.Debug|Any CPU.Build.0 = Debug|Any CPU
		{E3E898C7-7AA1-456C-818A-CC8E0528E5D4}.Release|Any CPU.ActiveCfg = Release|Any CPU
		{E3E898C7-7AA1-456C-818A-CC8E0528E5D4}.Release|Any CPU.Build.0 = Release|Any CPU
		{3C11267A-13AA-4DBF-B6E3-21DD8B86F027}.Debug|Any CPU.ActiveCfg = Debug|Any CPU
		{3C11267A-13AA-4DBF-B6E3-21DD8B86F027}.Debug|Any CPU.Build.0 = Debug|Any CPU
		{3C11267A-13AA-4DBF-B6E3-21DD8B86F027}.Release|Any CPU.ActiveCfg = Release|Any CPU
		{3C11267A-13AA-4DBF-B6E3-21DD8B86F027}.Release|Any CPU.Build.0 = Release|Any CPU
	EndGlobalSection
	GlobalSection(SolutionProperties) = preSolution
		HideSolutionNode = FALSE
	EndGlobalSection
	GlobalSection(ExtensibilityGlobals) = postSolution
		SolutionGuid = {235058BE-43E2-4502-9FF4-C550750C31B2}
	EndGlobalSection
EndGlobal
